
Microsoft Visual Studio Solution File, Format Version 12.00
# Visual Studio Version 17
VisualStudioVersion = 17.12.35827.183
MinimumVisualStudioVersion = 10.0.40219.1
Project("{FAE04EC0-301F-11D3-BF4B-00C04F79EFBC}") = "App", "App\App.csproj", "{69A10641-1882-438B-87B0-E5B2603E475A}"
EndProject
Global
	GlobalSection(SolutionConfigurationPlatforms) = preSolution
		Debug|Any CPU = Debug|Any CPU
		Release|Any CPU = Release|Any CPU
	EndGlobalSection
	GlobalSection(ProjectConfigurationPlatforms) = postSolution
		{69A10641-1882-438B-87B0-E5B2603E475A}.Debug|Any CPU.ActiveCfg = Debug|Any CPU
		{69A10641-1882-438B-87B0-E5B2603E475A}.Debug|Any CPU.Build.0 = Debug|Any CPU
		{69A10641-1882-438B-87B0-E5B2603E475A}.Debug|Any CPU.Deploy.0 = Debug|Any CPU
		{69A10641-1882-438B-87B0-E5B2603E475A}.Release|Any CPU.ActiveCfg = Release|Any CPU
		{69A10641-1882-438B-87B0-E5B2603E475A}.Release|Any CPU.Build.0 = Release|Any CPU
	EndGlobalSection
	GlobalSection(SolutionProperties) = preSolution
		HideSolutionNode = FALSE
	EndGlobalSection
EndGlobal
